PODS:
  - Flutter (1.0.0)
  - image_gallery_saver (1.5.0):
    - Flutter
  - path_provider_foundation (0.0.1):
    - Flutter
    - FlutterMacOS
  - widget_screenshot (0.0.1):
    - Flutter

DEPENDENCIES:
  - Flutter (from `Flutter`)
  - image_gallery_saver (from `.symlinks/plugins/image_gallery_saver/ios`)
  - path_provider_foundation (from `.symlinks/plugins/path_provider_foundation/ios`)
  - widget_screenshot (from `.symlinks/plugins/widget_screenshot/ios`)

EXTERNAL SOURCES:
  Flutter:
    :path: Flutter
  image_gallery_saver:
    :path: ".symlinks/plugins/image_gallery_saver/ios"
  path_provider_foundation:
    :path: ".symlinks/plugins/path_provider_foundation/ios"
  widget_screenshot:
    :path: ".symlinks/plugins/widget_screenshot/ios"

SPEC CHECKSUMS:
  Flutter: 50d75fe2f02b26cc09d224853bb45737f8b3214a
  image_gallery_saver: 259eab68fb271cfd57d599904f7acdc7832e7ef2
  path_provider_foundation: c68054786f1b4f3343858c1e1d0caaded73f0be9
  widget_screenshot: d0bf67809b08976e8ba89162fc6a0dbff922050c

PODFILE CHECKSUM: ef19549a9bc3046e7bb7d2fab4d021637c0c58a3

COCOAPODS: 1.11.2
